{
  "version": 4,
  "terraform_version": "1.13.1",
  "serial": 3,
  "lineage": "f2f30519-f6d8-3c3f-1322-71cb2e3a3d6d",
  "outputs": {},
  "resources": [
    {
      "mode": "managed",
      "type": "aws_key_pair",
      "name": "deployer",
      "provider": "provider[\"registry.terraform.io/hashicorp/aws\"]",
      "instances": [
        {
          "schema_version": 1,
          "attributes": {
            "arn": "arn:aws:ec2:eu-central-1:190501613698:key-pair/deployer_key",
            "fingerprint": "23:63:eb:a1:c1:22:51:dc:60:e2:7f:5d:73:bc:c1:45",
            "id": "deployer_key",
            "key_name": "deployer_key",
            "key_name_prefix": "",
            "key_pair_id": "key-0f72fbbbf489c93a3",
            "key_type": "rsa",
            "public_key": "ssh-rsa AAAAB3NzaC1yc2EAAAADAQABAAACAQDcyWWWgy99MH/B1Eb4BlgYxQJrpenS1t3Xp08CNusKHAFSmNZKzfeHjZFN68Vt80/UnahJi14NtSE/Lxn9AdDyWrssahJ4kPGsiYJTJ9UeKDPiBIOeR+t1GrEOc/mgknZ57c2pFMz6fCZIS/xnvu3m7uotPy4vIRyg9jU47xtrFWy6EEjz8KJBq6kk9K2+uFNfv2aSgM+8nZvotUShLdfmxiAhcvLUu2FDmYP9fMiAsq85CS4VTJhvfE1KQtTFN45ZhRxJ8/RgEAttE+3ndNjaEyL0GBVhXI+yLjxwJ2kTefad3DLX1tQLZaKXokPr8dwB6YcuyNgmjXhK/7WMlE+ktMTiX8rkTfS98Q9GyWesLZSvqcgl6tU9o8AhlCjkb8cy+rNuSyZYrj1V6yvOMS23M6Va5UUno0rSkeQQh9uUvuBuJsJJfaDfE+Dz7UOFaX/YqnqU7Del1FkXVWzOXeZ6P+t3EdqTbx+KVZHQFvDpauPf8oU8iGKN6xYDWCdGG7c8qWP9BNC+61NB4G+P6yuNsteVgk1FNNUkUPchwOrY+xMx9u+vbMJoy3Zj958fju5nSJgeLgTZ2Jb7H8AUFTLsnZHDrPewFdJ3sPjhiLDXPigrYAw0ifWy8ZT6n5SrrmBZQ6BtSNwbfatGNFCJq6nbxNaC2QayOgCyt8fnZeQ4vw== lycaenion@DESKTOP-3536LME",
            "tags": null,
            "tags_all": {}
          },
          "sensitive_attributes": [],
          "identity_schema_version": 0,
          "private": "eyJzY2hlbWFfdmVyc2lvbiI6IjEifQ=="
        }
      ]
    },
    {
      "mode": "managed",
      "type": "aws_security_group",
      "name": "ec2_sg",
      "provider": "provider[\"registry.terraform.io/hashicorp/aws\"]",
      "instances": [
        {
          "schema_version": 1,
          "attributes": {
            "arn": "arn:aws:ec2:eu-central-1:190501613698:security-group/sg-00c21fad30dd234e0",
            "description": "Allow SSH inbound traffic",
            "egress": [
              {
                "cidr_blocks": [
                  "0.0.0.0/0"
                ],
                "description": "",
                "from_port": 0,
                "ipv6_cidr_blocks": [],
                "prefix_list_ids": [],
                "protocol": "-1",
                "security_groups": [],
                "self": false,
                "to_port": 0
              }
            ],
            "id": "sg-00c21fad30dd234e0",
            "ingress": [
              {
                "cidr_blocks": [
                  "0.0.0.0/0"
                ],
                "description": "",
                "from_port": 22,
                "ipv6_cidr_blocks": [],
                "prefix_list_ids": [],
                "protocol": "tcp",
                "security_groups": [],
                "self": false,
                "to_port": 22
              }
            ],
            "name": "ec2_security_group",
            "name_prefix": "",
            "owner_id": "190501613698",
            "revoke_rules_on_delete": false,
            "tags": null,
            "tags_all": {},
            "timeouts": null,
            "vpc_id": "vpc-00229fdec8d5225e7"
          },
          "sensitive_attributes": [],
          "identity_schema_version": 0,
          "private": "eyJlMmJmYjczMC1lY2FhLTExZTYtOGY4OC0zNDM2M2JjN2M0YzAiOnsiY3JlYXRlIjo2MDAwMDAwMDAwMDAsImRlbGV0ZSI6OTAwMDAwMDAwMDAwfSwic2NoZW1hX3ZlcnNpb24iOiIxIn0="
        }
      ]
    }
  ],
  "check_results": null
}
